<?xml version="1.0" encoding="utf-8"?>
<Project ToolsVersion="4.0" xmlns="http://schemas.microsoft.com/developer/msbuild/2003">
  <ItemGroup>
    <Filter Include="Source Files">
      <UniqueIdentifier>{4FC737F1-C7A5-4376-A066-2A32D752A2FF}</UniqueIdentifier>
      <Extensions>cpp;c;cc;cxx;c++;cppm;ixx;def;odl;idl;hpj;bat;asm;asmx</Extensions>
    </Filter>
    <Filter Include="Header Files">
      <UniqueIdentifier>{93995380-89BD-4b04-88EB-625FBE52EBFB}</UniqueIdentifier>
      <Extensions>h;hh;hpp;hxx;h++;hm;inl;inc;ipp;xsd</Extensions>
    </Filter>
    <Filter Include="Resource Files">
      <UniqueIdentifier>{67DA6AB6-F800-4c08-8B7A-83BB121AAD01}</UniqueIdentifier>
      <Extensions>rc;ico;cur;bmp;dlg;rc2;rct;bin;rgs;gif;jpg;jpeg;jpe;resx;tiff;tif;png;wav;mfcribbon-ms</Extensions>
    </Filter>
  </ItemGroup>
  <ItemGroup>
    <ClCompile Include="ObjectSQLite.cpp">
      <Filter>Source Files</Filter>
    </ClCompile>
    <ClCompile Include="osql\dbconnection\dbconnection.ixx">
      <Filter>Source Files</Filter>
    </ClCompile>
    <ClCompile Include="osql\dbconnection\dbconnection.cpp">
      <Filter>Source Files</Filter>
    </ClCompile>
    <ClCompile Include="osql\statements\statement.ixx">
      <Filter>Source Files</Filter>
    </ClCompile>
    <ClCompile Include="osql\statements\statement.cpp">
      <Filter>Source Files</Filter>
    </ClCompile>
    <ClCompile Include="osql\common\object_base.ixx">
      <Filter>Source Files</Filter>
    </ClCompile>
    <ClCompile Include="osql\tables\table_base.ixx">
      <Filter>Source Files</Filter>
    </ClCompile>
    <ClCompile Include="osql\clauses\with_clause.ixx">
      <Filter>Source Files</Filter>
    </ClCompile>
    <ClCompile Include="osql\clauses\clause.ixx">
      <Filter>Source Files</Filter>
    </ClCompile>
    <ClCompile Include="osql\clauses\select_clause.ixx">
      <Filter>Source Files</Filter>
    </ClCompile>
    <ClCompile Include="osql\clauses\collate_clause.ixx">
      <Filter>Source Files</Filter>
    </ClCompile>
    <ClCompile Include="osql\clauses\ordering_clause.ixx">
      <Filter>Source Files</Filter>
    </ClCompile>
    <ClCompile Include="osql\clauses\ordering_term.ixx">
      <Filter>Source Files</Filter>
    </ClCompile>
    <ClCompile Include="osql\clauses\conflict_clause.ixx">
      <Filter>Source Files</Filter>
    </ClCompile>
    <ClCompile Include="osql\clauses\foreign_key_clause.ixx">
      <Filter>Source Files</Filter>
    </ClCompile>
    <ClCompile Include="osql\clauses\on_delete_update_clause.ixx">
      <Filter>Source Files</Filter>
    </ClCompile>
    <ClCompile Include="osql\clauses\match_clause.ixx">
      <Filter>Source Files</Filter>
    </ClCompile>
    <ClCompile Include="osql\clauses\deferrable_clause.ixx">
      <Filter>Source Files</Filter>
    </ClCompile>
    <ClCompile Include="osql\clauses\type_name_clause.ixx">
      <Filter>Source Files</Filter>
    </ClCompile>
    <ClCompile Include="osql\columns\column.ixx">
      <Filter>Source Files</Filter>
    </ClCompile>
    <ClCompile Include="osql\clauses\constraint_name_clause.ixx">
      <Filter>Source Files</Filter>
    </ClCompile>
    <ClCompile Include="osql\columns\column_constraints.ixx">
      <Filter>Source Files</Filter>
    </ClCompile>
    <ClCompile Include="osql\tables\table_constraints.ixx">
      <Filter>Source Files</Filter>
    </ClCompile>
    <ClCompile Include="osql\clauses\foreign_key_subclause.ixx">
      <Filter>Source Files</Filter>
    </ClCompile>
    <ClCompile Include="osql\clauses\foreign_table_subclause.ixx">
      <Filter>Source Files</Filter>
    </ClCompile>
  </ItemGroup>
  <ItemGroup>
    <None Include="Source.def">
      <Filter>Source Files</Filter>
    </None>
  </ItemGroup>
  <ItemGroup>
    <ClInclude Include="osql\osql.h">
      <Filter>Header Files</Filter>
    </ClInclude>
    <ClInclude Include="osql\clauses\clause.h">
      <Filter>Header Files</Filter>
    </ClInclude>
  </ItemGroup>
</Project>